
Microsoft Visual Studio Solution File, Format Version 12.00
# Visual Studio Version 16
VisualStudioVersion = 25.0.1705.1
MinimumVisualStudioVersion = 10.0.40219.1
Project("{FAE04EC0-301F-11D3-BF4B-00C04F79EFBC}") = "example-Quickstart-client-dotnet", "example-Quickstart-client-dotnet.csproj", "{828F30E4-67DC-442A-B22D-0AAEE18BB2A0}"
EndProject
Global
	GlobalSection(SolutionConfigurationPlatforms) = preSolution
		Debug|Any CPU = Debug|Any CPU
		Release|Any CPU = Release|Any CPU
	EndGlobalSection
	GlobalSection(ProjectConfigurationPlatforms) = postSolution
		{828F30E4-67DC-442A-B22D-0AAEE18BB2A0}.Debug|Any CPU.ActiveCfg = Debug|Any CPU
		{828F30E4-67DC-442A-B22D-0AAEE18BB2A0}.Debug|Any CPU.Build.0 = Debug|Any CPU
		{828F30E4-67DC-442A-B22D-0AAEE18BB2A0}.Release|Any CPU.ActiveCfg = Release|Any CPU
		{828F30E4-67DC-442A-B22D-0AAEE18BB2A0}.Release|Any CPU.Build.0 = Release|Any CPU
	EndGlobalSection
	GlobalSection(SolutionProperties) = preSolution
		HideSolutionNode = FALSE
	EndGlobalSection
	GlobalSection(ExtensibilityGlobals) = postSolution
		SolutionGuid = {B4E4FAB0-295B-42A5-9D1D-8FDE81C61041}
	EndGlobalSection
EndGlobal
